
Microsoft Visual Studio Solution File, Format Version 12.00
# Visual Studio Version 16
VisualStudioVersion = 16.0.30413.136
MinimumVisualStudioVersion = 10.0.40219.1
Project("{FAE04EC0-301F-11D3-BF4B-00C04F79EFBC}") = "ScoreBoardV2", "ScoreBoardV2\ScoreBoardV2.csproj", "{DE07B4FA-69C1-4565-B076-6A12797CEADC}"
EndProject
Global
	GlobalSection(SolutionConfigurationPlatforms) = preSolution
		Debug|Any CPU = Debug|Any CPU
		Release|Any CPU = Release|Any CPU
	EndGlobalSection
	GlobalSection(ProjectConfigurationPlatforms) = postSolution
		{DE07B4FA-69C1-4565-B076-6A12797CEADC}.Debug|Any CPU.ActiveCfg = Debug|Any CPU
		{DE07B4FA-69C1-4565-B076-6A12797CEADC}.Debug|Any CPU.Build.0 = Debug|Any CPU
		{DE07B4FA-69C1-4565-B076-6A12797CEADC}.Release|Any CPU.ActiveCfg = Release|Any CPU
		{DE07B4FA-69C1-4565-B076-6A12797CEADC}.Release|Any CPU.Build.0 = Release|Any CPU
	EndGlobalSection
	GlobalSection(SolutionProperties) = preSolution
		HideSolutionNode = FALSE
	EndGlobalSection
	GlobalSection(ExtensibilityGlobals) = postSolution
		SolutionGuid = {EA657A2A-3A19-458C-9296-017A8FFAE986}
	EndGlobalSection
EndGlobal
